
Microsoft Visual Studio Solution File, Format Version 12.00
# Visual Studio Version 17
VisualStudioVersion = 17.14.36212.18 d17.14
MinimumVisualStudioVersion = 10.0.40219.1
Project("{FAE04EC0-301F-11D3-BF4B-00C04F79EFBC}") = "MST_AFK", "MST_AFK\MST_AFK.csproj", "{B9B90CFD-6FC9-42AF-A78A-39ECE94A1A05}"
EndProject
Global
	GlobalSection(SolutionConfigurationPlatforms) = preSolution
		Debug|Any CPU = Debug|Any CPU
		Release|Any CPU = Release|Any CPU
	EndGlobalSection
	GlobalSection(ProjectConfigurationPlatforms) = postSolution
		{B9B90CFD-6FC9-42AF-A78A-39ECE94A1A05}.Debug|Any CPU.ActiveCfg = Debug|Any CPU
		{B9B90CFD-6FC9-42AF-A78A-39ECE94A1A05}.Debug|Any CPU.Build.0 = Debug|Any CPU
		{B9B90CFD-6FC9-42AF-A78A-39ECE94A1A05}.Release|Any CPU.ActiveCfg = Release|Any CPU
		{B9B90CFD-6FC9-42AF-A78A-39ECE94A1A05}.Release|Any CPU.Build.0 = Release|Any CPU
	EndGlobalSection
	GlobalSection(SolutionProperties) = preSolution
		HideSolutionNode = FALSE
	EndGlobalSection
	GlobalSection(ExtensibilityGlobals) = postSolution
		SolutionGuid = {2D57EE77-0EDE-4CEE-A1E1-A651592C12D0}
	EndGlobalSection
EndGlobal
